
Microsoft Visual Studio Solution File, Format Version 12.00
# Visual Studio Version 17
VisualStudioVersion = 17.3.32825.248
MinimumVisualStudioVersion = 10.0.40219.1
Project("{FAE04EC0-301F-11D3-BF4B-00C04F79EFBC}") = "TestCoreSL", "TestCoreSL\src\TestCoreSL\TestCoreSL.csproj", "{4A6064B1-8AC4-4D2F-99B0-C83D4ECE4999}"
EndProject
Global
	GlobalSection(SolutionConfigurationPlatforms) = preSolution
		Debug|Any CPU = Debug|Any CPU
		Release|Any CPU = Release|Any CPU
	EndGlobalSection
	GlobalSection(ProjectConfigurationPlatforms) = postSolution
		{4A6064B1-8AC4-4D2F-99B0-C83D4ECE4999}.Debug|Any CPU.ActiveCfg = Debug|Any CPU
		{4A6064B1-8AC4-4D2F-99B0-C83D4ECE4999}.Debug|Any CPU.Build.0 = Debug|Any CPU
		{4A6064B1-8AC4-4D2F-99B0-C83D4ECE4999}.Release|Any CPU.ActiveCfg = Release|Any CPU
		{4A6064B1-8AC4-4D2F-99B0-C83D4ECE4999}.Release|Any CPU.Build.0 = Release|Any CPU
	EndGlobalSection
	GlobalSection(SolutionProperties) = preSolution
		HideSolutionNode = FALSE
	EndGlobalSection
	GlobalSection(ExtensibilityGlobals) = postSolution
		SolutionGuid = {FD34F989-880D-4F02-92A0-569521FDB3CD}
	EndGlobalSection
EndGlobal
